{
  "nodes": {
    "home-manager": {
      "inputs": {
        "nixpkgs": [
          "nixpkgs"
        ]
      },
      "locked": {
        "lastModified": 1786031233,
        "narHash": "sha256-TIDlLTLI1/pB7IqgjzcKQjpODQsZE2oII4XGG9B6KjI=",
        "owner": "nix-community",
        "repo": "home-manager",
        "rev": "7834e82588860aaf780cec1366524456a70898d7",
        "type": "github"
      },
      "original": {
        "owner": "nix-community",
        "repo": "home-manager",
        "type": "github"
      }
    },
    "nixpkgs": {
      "locked": {
        "lastModified": 1786106723,
        "narHash": "sha256-CgKDSHL6rqAAQkkvg1xaZDQXb77+4XW73iGcUMJ+2w0=",
        "rev": "f13ff45afd1bb73e640eaa08a7066dbed07e3238",
        "type": "tarball",
        "url": "https://releases.nixos.org/nixos/unstable/nixos-26.11pre1049422.f13ff45afd1b/nixexprs.tar.xz"
      },
      "original": {
        "id": "nixpkgs",
        "ref": "nixos-unstable",
        "type": "indirect"
      }
    },
    "root": {
      "inputs": {
        "home-manager": "home-manager",
        "nixpkgs": "nixpkgs"
      }
    }
  },
  "root": "root",
  "version": 7
}
